
Microsoft Visual Studio Solution File, Format Version 12.00
# Visual Studio Version 16
VisualStudioVersion = 16.0.31005.135
MinimumVisualStudioVersion = 10.0.40219.1
Project("{2150E333-8FDC-42A3-9474-1A3956D46DE8}") = "src", "src", "{783AF765-006E-4AE9-A1C2-092115897CA8}"
EndProject
Project("{2150E333-8FDC-42A3-9474-1A3956D46DE8}") = "tests", "tests", "{0AF19F12-4676-49CB-8E76-77DD056D46E7}"
EndProject
Project("{2150E333-8FDC-42A3-9474-1A3956D46DE8}") = "web.API", "web.API", "{4B9472FB-1222-49DE-8DCE-E2060F911A8C}"
EndProject
Project("{2150E333-8FDC-42A3-9474-1A3956D46DE8}") = "web.Client", "web.Client", "{5FA2535B-7B6D-429A-91F3-F2B9A3D27493}"
EndProject
Project("{FAE04EC0-301F-11D3-BF4B-00C04F79EFBC}") = "MyMusic.API", "MyMusic.API\MyMusic.API.csproj", "{05EA4447-1330-4DB6-AA77-3E0732710ABC}"
EndProject
Project("{FAE04EC0-301F-11D3-BF4B-00C04F79EFBC}") = "MyMusic.Core", "MyMusic.Core\MyMusic.Core.csproj", "{07F4F39A-488A-4EBE-B635-373E217CFD5D}"
EndProject
Project("{FAE04EC0-301F-11D3-BF4B-00C04F79EFBC}") = "MyMusic.Services", "MyMusic.Services\MyMusic.Services.csproj", "{2CD51E54-CBB0-4702-B1D2-B942464452B5}"
EndProject
Project("{FAE04EC0-301F-11D3-BF4B-00C04F79EFBC}") = "MyMusic.Data.SqlServer", "MyMusic.Data.SqlServer\MyMusic.Data.SqlServer.csproj", "{69F577E3-3886-4505-8AC3-F913AE9C6025}"
EndProject
Project("{FAE04EC0-301F-11D3-BF4B-00C04F79EFBC}") = "MyMusic.Data.MongoDb", "MyMusic.Data.MongoDb\MyMusic.Data.MongoDb.csproj", "{4FD78884-A970-4645-9948-2A06F701363E}"
EndProject
Project("{FAE04EC0-301F-11D3-BF4B-00C04F79EFBC}") = "MyMusic.BLAZOR.WASM", "MyMusic.BLAZOR.WASM\MyMusic.BLAZOR.WASM.csproj", "{762835CC-B988-474F-9FC8-ABE6A3D28D73}"
EndProject
Project("{FAE04EC0-301F-11D3-BF4B-00C04F79EFBC}") = "MyMusic.MVC", "MyMusic.MVC\MyMusic.MVC.csproj", "{A26FDA34-410A-4258-BAD7-20DCDD130D05}"
EndProject
Global
	GlobalSection(SolutionConfigurationPlatforms) = preSolution
		Debug|Any CPU = Debug|Any CPU
		Release|Any CPU = Release|Any CPU
	EndGlobalSection
	GlobalSection(ProjectConfigurationPlatforms) = postSolution
		{05EA4447-1330-4DB6-AA77-3E0732710ABC}.Debug|Any CPU.ActiveCfg = Debug|Any CPU
		{05EA4447-1330-4DB6-AA77-3E0732710ABC}.Debug|Any CPU.Build.0 = Debug|Any CPU
		{05EA4447-1330-4DB6-AA77-3E0732710ABC}.Release|Any CPU.ActiveCfg = Release|Any CPU
		{05EA4447-1330-4DB6-AA77-3E0732710ABC}.Release|Any CPU.Build.0 = Release|Any CPU
		{07F4F39A-488A-4EBE-B635-373E217CFD5D}.Debug|Any CPU.ActiveCfg = Debug|Any CPU
		{07F4F39A-488A-4EBE-B635-373E217CFD5D}.Debug|Any CPU.Build.0 = Debug|Any CPU
		{07F4F39A-488A-4EBE-B635-373E217CFD5D}.Release|Any CPU.ActiveCfg = Release|Any CPU
		{07F4F39A-488A-4EBE-B635-373E217CFD5D}.Release|Any CPU.Build.0 = Release|Any CPU
		{2CD51E54-CBB0-4702-B1D2-B942464452B5}.Debug|Any CPU.ActiveCfg = Debug|Any CPU
		{2CD51E54-CBB0-4702-B1D2-B942464452B5}.Debug|Any CPU.Build.0 = Debug|Any CPU
		{2CD51E54-CBB0-4702-B1D2-B942464452B5}.Release|Any CPU.ActiveCfg = Release|Any CPU
		{2CD51E54-CBB0-4702-B1D2-B942464452B5}.Release|Any CPU.Build.0 = Release|Any CPU
		{69F577E3-3886-4505-8AC3-F913AE9C6025}.Debug|Any CPU.ActiveCfg = Debug|Any CPU
		{69F577E3-3886-4505-8AC3-F913AE9C6025}.Debug|Any CPU.Build.0 = Debug|Any CPU
		{69F577E3-3886-4505-8AC3-F913AE9C6025}.Release|Any CPU.ActiveCfg = Release|Any CPU
		{69F577E3-3886-4505-8AC3-F913AE9C6025}.Release|Any CPU.Build.0 = Release|Any CPU
		{4FD78884-A970-4645-9948-2A06F701363E}.Debug|Any CPU.ActiveCfg = Debug|Any CPU
		{4FD78884-A970-4645-9948-2A06F701363E}.Debug|Any CPU.Build.0 = Debug|Any CPU
		{4FD78884-A970-4645-9948-2A06F701363E}.Release|Any CPU.ActiveCfg = Release|Any CPU
		{4FD78884-A970-4645-9948-2A06F701363E}.Release|Any CPU.Build.0 = Release|Any CPU
		{762835CC-B988-474F-9FC8-ABE6A3D28D73}.Debug|Any CPU.ActiveCfg = Debug|Any CPU
		{762835CC-B988-474F-9FC8-ABE6A3D28D73}.Debug|Any CPU.Build.0 = Debug|Any CPU
		{762835CC-B988-474F-9FC8-ABE6A3D28D73}.Release|Any CPU.ActiveCfg = Release|Any CPU
		{762835CC-B988-474F-9FC8-ABE6A3D28D73}.Release|Any CPU.Build.0 = Release|Any CPU
		{A26FDA34-410A-4258-BAD7-20DCDD130D05}.Debug|Any CPU.ActiveCfg = Debug|Any CPU
		{A26FDA34-410A-4258-BAD7-20DCDD130D05}.Debug|Any CPU.Build.0 = Debug|Any CPU
		{A26FDA34-410A-4258-BAD7-20DCDD130D05}.Release|Any CPU.ActiveCfg = Release|Any CPU
		{A26FDA34-410A-4258-BAD7-20DCDD130D05}.Release|Any CPU.Build.0 = Release|Any CPU
	EndGlobalSection
	GlobalSection(SolutionProperties) = preSolution
		HideSolutionNode = FALSE
	EndGlobalSection
	GlobalSection(NestedProjects) = preSolution
		{4B9472FB-1222-49DE-8DCE-E2060F911A8C} = {783AF765-006E-4AE9-A1C2-092115897CA8}
		{5FA2535B-7B6D-429A-91F3-F2B9A3D27493} = {783AF765-006E-4AE9-A1C2-092115897CA8}
		{05EA4447-1330-4DB6-AA77-3E0732710ABC} = {4B9472FB-1222-49DE-8DCE-E2060F911A8C}
		{07F4F39A-488A-4EBE-B635-373E217CFD5D} = {4B9472FB-1222-49DE-8DCE-E2060F911A8C}
		{2CD51E54-CBB0-4702-B1D2-B942464452B5} = {4B9472FB-1222-49DE-8DCE-E2060F911A8C}
		{69F577E3-3886-4505-8AC3-F913AE9C6025} = {4B9472FB-1222-49DE-8DCE-E2060F911A8C}
		{4FD78884-A970-4645-9948-2A06F701363E} = {4B9472FB-1222-49DE-8DCE-E2060F911A8C}
		{762835CC-B988-474F-9FC8-ABE6A3D28D73} = {5FA2535B-7B6D-429A-91F3-F2B9A3D27493}
		{A26FDA34-410A-4258-BAD7-20DCDD130D05} = {5FA2535B-7B6D-429A-91F3-F2B9A3D27493}
	EndGlobalSection
	GlobalSection(ExtensibilityGlobals) = postSolution
		SolutionGuid = {5C1FD8EE-79CC-447F-8479-02A48380DF02}
	EndGlobalSection
EndGlobal
